
Microsoft Visual Studio Solution File, Format Version 12.00
# Visual Studio Version 16
VisualStudioVersion = 16.0.29613.14
MinimumVisualStudioVersion = 10.0.40219.1
Project("{FAE04EC0-301F-11D3-BF4B-00C04F79EFBC}") = "WelcomeDotNetCore", "WelcomeDotNetCore\WelcomeDotNetCore.csproj", "{6AA60264-5212-42C7-AB98-45C6EA2ACEEE}"
EndProject
Global
	GlobalSection(SolutionConfigurationPlatforms) = preSolution
		Debug|Any CPU = Debug|Any CPU
		Release|Any CPU = Release|Any CPU
	EndGlobalSection
	GlobalSection(ProjectConfigurationPlatforms) = postSolution
		{6AA60264-5212-42C7-AB98-45C6EA2ACEEE}.Debug|Any CPU.ActiveCfg = Debug|Any CPU
		{6AA60264-5212-42C7-AB98-45C6EA2ACEEE}.Debug|Any CPU.Build.0 = Debug|Any CPU
		{6AA60264-5212-42C7-AB98-45C6EA2ACEEE}.Release|Any CPU.ActiveCfg = Release|Any CPU
		{6AA60264-5212-42C7-AB98-45C6EA2ACEEE}.Release|Any CPU.Build.0 = Release|Any CPU
	EndGlobalSection
	GlobalSection(SolutionProperties) = preSolution
		HideSolutionNode = FALSE
	EndGlobalSection
	GlobalSection(ExtensibilityGlobals) = postSolution
		SolutionGuid = {37ECCDE1-507E-473A-B5DE-AC5206F7504C}
	EndGlobalSection
EndGlobal
